
Microsoft Visual Studio Solution File, Format Version 12.00
# Visual Studio Version 16
VisualStudioVersion = 16.0.30114.105
MinimumVisualStudioVersion = 10.0.40219.1
Project("{2150E333-8FDC-42A3-9474-1A3956D46DE8}") = "src", "src", "{20BD01A7-8211-46CE-A2FD-3BBA1912BA41}"
EndProject
Project("{FAE04EC0-301F-11D3-BF4B-00C04F79EFBC}") = "ReverbFunction", "src\ReverbFunction\ReverbFunction.csproj", "{47500C5E-0142-4259-A9EE-4D0D464DE83A}"
EndProject
Project("{2150E333-8FDC-42A3-9474-1A3956D46DE8}") = "test", "test", "{97081448-EB23-46D3-B0A0-2878E8E77F11}"
EndProject
Project("{FAE04EC0-301F-11D3-BF4B-00C04F79EFBC}") = "ReverbFunction.Tests", "test\ReverbFunction.Tests\ReverbFunction.Tests.csproj", "{E7E2EE4A-7CD9-4097-ADD6-A8D62E314FFB}"
EndProject
Global
	GlobalSection(SolutionConfigurationPlatforms) = preSolution
		Debug|Any CPU = Debug|Any CPU
		Release|Any CPU = Release|Any CPU
	EndGlobalSection
	GlobalSection(SolutionProperties) = preSolution
		HideSolutionNode = FALSE
	EndGlobalSection
	GlobalSection(ProjectConfigurationPlatforms) = postSolution
		{47500C5E-0142-4259-A9EE-4D0D464DE83A}.Debug|Any CPU.ActiveCfg = Debug|Any CPU
		{47500C5E-0142-4259-A9EE-4D0D464DE83A}.Debug|Any CPU.Build.0 = Debug|Any CPU
		{47500C5E-0142-4259-A9EE-4D0D464DE83A}.Release|Any CPU.ActiveCfg = Release|Any CPU
		{47500C5E-0142-4259-A9EE-4D0D464DE83A}.Release|Any CPU.Build.0 = Release|Any CPU
		{E7E2EE4A-7CD9-4097-ADD6-A8D62E314FFB}.Debug|Any CPU.ActiveCfg = Debug|Any CPU
		{E7E2EE4A-7CD9-4097-ADD6-A8D62E314FFB}.Debug|Any CPU.Build.0 = Debug|Any CPU
		{E7E2EE4A-7CD9-4097-ADD6-A8D62E314FFB}.Release|Any CPU.ActiveCfg = Release|Any CPU
		{E7E2EE4A-7CD9-4097-ADD6-A8D62E314FFB}.Release|Any CPU.Build.0 = Release|Any CPU
	EndGlobalSection
	GlobalSection(NestedProjects) = preSolution
		{47500C5E-0142-4259-A9EE-4D0D464DE83A} = {20BD01A7-8211-46CE-A2FD-3BBA1912BA41}
		{E7E2EE4A-7CD9-4097-ADD6-A8D62E314FFB} = {97081448-EB23-46D3-B0A0-2878E8E77F11}
	EndGlobalSection
EndGlobal
